
Microsoft Visual Studio Solution File, Format Version 12.00
# Visual Studio Version 17
VisualStudioVersion = 17.9.34728.123
MinimumVisualStudioVersion = 10.0.40219.1
Project("{FAE04EC0-301F-11D3-BF4B-00C04F79EFBC}") = "PoB_NETRu", "PoB_Notes\PoB_NETRu.csproj", "{BF133AA1-BEF7-49E0-9F2E-B77E74F87298}"
EndProject
Global
	GlobalSection(SolutionConfigurationPlatforms) = preSolution
		Debug|Any CPU = Debug|Any CPU
		Release|Any CPU = Release|Any CPU
	EndGlobalSection
	GlobalSection(ProjectConfigurationPlatforms) = postSolution
		{BF133AA1-BEF7-49E0-9F2E-B77E74F87298}.Debug|Any CPU.ActiveCfg = Debug|Any CPU
		{BF133AA1-BEF7-49E0-9F2E-B77E74F87298}.Debug|Any CPU.Build.0 = Debug|Any CPU
		{BF133AA1-BEF7-49E0-9F2E-B77E74F87298}.Release|Any CPU.ActiveCfg = Release|Any CPU
		{BF133AA1-BEF7-49E0-9F2E-B77E74F87298}.Release|Any CPU.Build.0 = Release|Any CPU
	EndGlobalSection
	GlobalSection(SolutionProperties) = preSolution
		HideSolutionNode = FALSE
	EndGlobalSection
	GlobalSection(ExtensibilityGlobals) = postSolution
		SolutionGuid = {FB23D3E6-5E2F-495F-8BF5-74F24F0ED332}
	EndGlobalSection
EndGlobal
